<Solution>
  <Folder Name="/Solution Items/">
    <File Path=".dockerignore" />
    <File Path=".github/workflows/ci.yml" />
    <File Path=".gitignore" />
    <File Path="compose.yml" />
    <File Path="Dockerfile" />
    <File Path="LICENSE" />
    <File Path="README.md" />
    <File Path="requests.http" />
  </Folder>
  <Folder Name="/src/">
    <Project Path="src/Api.Gateway/Api.Gateway.csproj" />
  </Folder>
  <Folder Name="/test/">
    <Project Path="test/Api.Gateway.IntegrationTests/Api.Gateway.IntegrationTests.csproj" />
  </Folder>
</Solution>
